
Microsoft Visual Studio Solution File, Format Version 12.00
Project("{FAE04EC0-301F-11D3-BF4B-00C04F79EFBC}") = "GyazoDownloader", "GyazoDownloader\GyazoDownloader.csproj", "{0BF39AAA-7E4D-496E-BF8F-D0745E2F38CE}"
EndProject
Global
	GlobalSection(SolutionConfigurationPlatforms) = preSolution
		Debug|Any CPU = Debug|Any CPU
		Release|Any CPU = Release|Any CPU
	EndGlobalSection
	GlobalSection(ProjectConfigurationPlatforms) = postSolution
		{0BF39AAA-7E4D-496E-BF8F-D0745E2F38CE}.Debug|Any CPU.ActiveCfg = Debug|Any CPU
		{0BF39AAA-7E4D-496E-BF8F-D0745E2F38CE}.Debug|Any CPU.Build.0 = Debug|Any CPU
		{0BF39AAA-7E4D-496E-BF8F-D0745E2F38CE}.Release|Any CPU.ActiveCfg = Release|Any CPU
		{0BF39AAA-7E4D-496E-BF8F-D0745E2F38CE}.Release|Any CPU.Build.0 = Release|Any CPU
	EndGlobalSection
EndGlobal
